
Microsoft Visual Studio Solution File, Format Version 12.00
# Visual Studio Version 17
VisualStudioVersion = 17.9.34607.119
MinimumVisualStudioVersion = 10.0.40219.1
Project("{FAE04EC0-301F-11D3-BF4B-00C04F79EFBC}") = "TechnoServiceApp", "TechnoServiceApp\TechnoServiceApp.csproj", "{FA0F372F-E077-44E2-8317-4599CE746D85}"
EndProject
Global
	GlobalSection(SolutionConfigurationPlatforms) = preSolution
		Debug|Any CPU = Debug|Any CPU
		Release|Any CPU = Release|Any CPU
	EndGlobalSection
	GlobalSection(ProjectConfigurationPlatforms) = postSolution
		{FA0F372F-E077-44E2-8317-4599CE746D85}.Debug|Any CPU.ActiveCfg = Debug|Any CPU
		{FA0F372F-E077-44E2-8317-4599CE746D85}.Debug|Any CPU.Build.0 = Debug|Any CPU
		{FA0F372F-E077-44E2-8317-4599CE746D85}.Release|Any CPU.ActiveCfg = Release|Any CPU
		{FA0F372F-E077-44E2-8317-4599CE746D85}.Release|Any CPU.Build.0 = Release|Any CPU
	EndGlobalSection
	GlobalSection(SolutionProperties) = preSolution
		HideSolutionNode = FALSE
	EndGlobalSection
	GlobalSection(ExtensibilityGlobals) = postSolution
		SolutionGuid = {DC73C004-BEF0-4959-BE8E-D985433C7781}
	EndGlobalSection
EndGlobal
